
Microsoft Visual Studio Solution File, Format Version 12.00
# Visual Studio Version 17
VisualStudioVersion = 17.0.31903.59
MinimumVisualStudioVersion = 10.0.40219.1
Project("{FAE04EC0-301F-11D3-BF4B-00C04F79EFBC}") = "ClassLibrary", "ClassLibrary\ClassLibrary.csproj", "{27D91C13-2FAF-49F3-A46C-ED590728DD79}"
EndProject
Project("{FAE04EC0-301F-11D3-BF4B-00C04F79EFBC}") = "Test_Split", "Test_Split\Test_Split.csproj", "{FB927019-1DE5-4726-B28E-9AB08E717F82}"
EndProject
Global
	GlobalSection(SolutionConfigurationPlatforms) = preSolution
		Debug|Any CPU = Debug|Any CPU
		Release|Any CPU = Release|Any CPU
	EndGlobalSection
	GlobalSection(SolutionProperties) = preSolution
		HideSolutionNode = FALSE
	EndGlobalSection
	GlobalSection(ProjectConfigurationPlatforms) = postSolution
		{27D91C13-2FAF-49F3-A46C-ED590728DD79}.Debug|Any CPU.ActiveCfg = Debug|Any CPU
		{27D91C13-2FAF-49F3-A46C-ED590728DD79}.Debug|Any CPU.Build.0 = Debug|Any CPU
		{27D91C13-2FAF-49F3-A46C-ED590728DD79}.Release|Any CPU.ActiveCfg = Release|Any CPU
		{27D91C13-2FAF-49F3-A46C-ED590728DD79}.Release|Any CPU.Build.0 = Release|Any CPU
		{FB927019-1DE5-4726-B28E-9AB08E717F82}.Debug|Any CPU.ActiveCfg = Debug|Any CPU
		{FB927019-1DE5-4726-B28E-9AB08E717F82}.Debug|Any CPU.Build.0 = Debug|Any CPU
		{FB927019-1DE5-4726-B28E-9AB08E717F82}.Release|Any CPU.ActiveCfg = Release|Any CPU
		{FB927019-1DE5-4726-B28E-9AB08E717F82}.Release|Any CPU.Build.0 = Release|Any CPU
	EndGlobalSection
EndGlobal
